
Microsoft Visual Studio Solution File, Format Version 12.00
# Visual Studio Version 16
VisualStudioVersion = 16.0.29905.134
MinimumVisualStudioVersion = 10.0.40219.1
Project("{FAE04EC0-301F-11D3-BF4B-00C04F79EFBC}") = "LoginAgent", "LoginAgent.csproj", "{6C3775D6-E753-405C-AAD7-D55B269965DA}"
EndProject
Global
	GlobalSection(SolutionConfigurationPlatforms) = preSolution
		Debug|Any CPU = Debug|Any CPU
		Release|Any CPU = Release|Any CPU
	EndGlobalSection
	GlobalSection(ProjectConfigurationPlatforms) = postSolution
		{6C3775D6-E753-405C-AAD7-D55B269965DA}.Debug|Any CPU.ActiveCfg = Debug|Any CPU
		{6C3775D6-E753-405C-AAD7-D55B269965DA}.Debug|Any CPU.Build.0 = Debug|Any CPU
		{6C3775D6-E753-405C-AAD7-D55B269965DA}.Release|Any CPU.ActiveCfg = Release|Any CPU
		{6C3775D6-E753-405C-AAD7-D55B269965DA}.Release|Any CPU.Build.0 = Release|Any CPU
	EndGlobalSection
	GlobalSection(SolutionProperties) = preSolution
		HideSolutionNode = FALSE
	EndGlobalSection
	GlobalSection(ExtensibilityGlobals) = postSolution
		SolutionGuid = {DCA14820-FDB4-4CDB-AA7F-7225010F3007}
	EndGlobalSection
EndGlobal
